// !$*UTF8*$!
{
	archiveVersion = 1;
	classes = {
	};
	objectVersion = 48;
	objects = {

/* Begin PBXBuildFile section */
		B5491EE61FF3B5F2003FD3CF /* Colosseum.cpp in Sources */ = {isa = PBXBuildFile; fileRef = B5491EDD1FF398E9003FD3CF /* Colosseum.cpp */; };
		B5491EE71FF3B6ED003FD3CF /* unitTest.cpp in Sources */ = {isa = PBXBuildFile; fileRef = B5491EE11FF3A6CD003FD3CF /* unitTest.cpp */; };
/* End PBXBuildFile section */

/* Begin PBXCopyFilesBuildPhase section */
		B5491EC01FF3926E003FD3CF /* CopyFiles */ = {
			isa = PBXCopyFilesBuildPhase;
			buildActionMask = 2147483647;
			dstPath = /usr/share/man/man1/;
			dstSubfolderSpec = 0;
			files = (
			);
			runOnlyForDeploymentPostprocessing = 1;
		};
/* End PBXCopyFilesBuildPhase section */

/* Begin PBXFileReference section */
		B5491EC21FF3926E003FD3CF /* theAwesomenessContinues */ = {isa = PBXFileReference; explicitFileType = "compiled.mach-o.executable"; includeInIndex = 0; path = theAwesomenessContinues; sourceTree = BUILT_PRODUCTS_DIR; };
		B5491ECC1FF396EE003FD3CF /* main2.cpp */ = {isa = PBXFileReference; fileEncoding = 4; lastKnownFileType = sourcecode.cpp.cpp; path = main2.cpp; sourceTree = "<group>"; };
		B5491ECD1FF396EE003FD3CF /* library2.h */ = {isa = PBXFileReference; fileEncoding = 4; lastKnownFileType = sourcecode.c.h; path = library2.h; sourceTree = "<group>"; };
		B5491ED51FF397C5003FD3CF /* unitTests.h */ = {isa = PBXFileReference; fileEncoding = 4; lastKnownFileType = sourcecode.c.h; path = unitTests.h; sourceTree = "<group>"; };
		B5491ED61FF397C5003FD3CF /* SplayTree.cpp */ = {isa = PBXFileReference; fileEncoding = 4; lastKnownFileType = sourcecode.cpp.cpp; path = SplayTree.cpp; sourceTree = "<group>"; };
		B5491ED71FF397C6003FD3CF /* SplayTree.hpp */ = {isa = PBXFileReference; fileEncoding = 4; lastKnownFileType = sourcecode.cpp.h; path = SplayTree.hpp; sourceTree = "<group>"; };
		B5491EDB1FF39850003FD3CF /* library2.cpp */ = {isa = PBXFileReference; lastKnownFileType = sourcecode.cpp.cpp; path = library2.cpp; sourceTree = "<group>"; };
		B5491EDD1FF398E9003FD3CF /* Colosseum.cpp */ = {isa = PBXFileReference; lastKnownFileType = sourcecode.cpp.cpp; path = Colosseum.cpp; sourceTree = "<group>"; };
		B5491EDE1FF398E9003FD3CF /* Colosseum.hpp */ = {isa = PBXFileReference; lastKnownFileType = sourcecode.cpp.h; path = Colosseum.hpp; sourceTree = "<group>"; };
		B5491EE11FF3A6CD003FD3CF /* unitTest.cpp */ = {isa = PBXFileReference; lastKnownFileType = sourcecode.cpp.cpp; path = unitTest.cpp; sourceTree = "<group>"; };
/* End PBXFileReference section */

/* Begin PBXFrameworksBuildPhase section */
		B5491EBF1FF3926E003FD3CF /* Frameworks */ = {
			isa = PBXFrameworksBuildPhase;
			buildActionMask = 2147483647;
			files = (
			);
			runOnlyForDeploymentPostprocessing = 0;
		};
/* End PBXFrameworksBuildPhase section */

/* Begin PBXGroup section */
		B5491EB91FF3926E003FD3CF = {
			isa = PBXGroup;
			children = (
				B5491EC41FF3926E003FD3CF /* theAwesomenessContinues */,
				B5491EC31FF3926E003FD3CF /* Products */,
			);
			sourceTree = "<group>";
		};
		B5491EC31FF3926E003FD3CF /* Products */ = {
			isa = PBXGroup;
			children = (
				B5491EC21FF3926E003FD3CF /* theAwesomenessContinues */,
			);
			name = Products;
			sourceTree = "<group>";
		};
		B5491EC41FF3926E003FD3CF /* theAwesomenessContinues */ = {
			isa = PBXGroup;
			children = (
				B5491ECD1FF396EE003FD3CF /* library2.h */,
				B5491EDB1FF39850003FD3CF /* library2.cpp */,
				B5491ECC1FF396EE003FD3CF /* main2.cpp */,
				B5491EE01FF398EF003FD3CF /* Colosseum */,
				B5491EDA1FF397E5003FD3CF /* Splay Tree */,
				B5491ED91FF397CE003FD3CF /* misc */,
			);
			path = theAwesomenessContinues;
			sourceTree = "<group>";
		};
		B5491ED91FF397CE003FD3CF /* misc */ = {
			isa = PBXGroup;
			children = (
				B5491ED51FF397C5003FD3CF /* unitTests.h */,
			);
			name = misc;
			sourceTree = "<group>";
		};
		B5491EDA1FF397E5003FD3CF /* Splay Tree */ = {
			isa = PBXGroup;
			children = (
				B5491ED61FF397C5003FD3CF /* SplayTree.cpp */,
				B5491ED71FF397C6003FD3CF /* SplayTree.hpp */,
			);
			name = "Splay Tree";
			sourceTree = "<group>";
		};
		B5491EE01FF398EF003FD3CF /* Colosseum */ = {
			isa = PBXGroup;
			children = (
				B5491EDD1FF398E9003FD3CF /* Colosseum.cpp */,
				B5491EDE1FF398E9003FD3CF /* Colosseum.hpp */,
				B5491EE11FF3A6CD003FD3CF /* unitTest.cpp */,
			);
			name = Colosseum;
			sourceTree = "<group>";
		};
/* End PBXGroup section */

/* Begin PBXNativeTarget section */
		B5491EC11FF3926E003FD3CF /* theAwesomenessContinues */ = {
			isa = PBXNativeTarget;
			buildConfigurationList = B5491EC91FF3926E003FD3CF /* Build configuration list for PBXNativeTarget "theAwesomenessContinues" */;
			buildPhases = (
				B5491EBE1FF3926E003FD3CF /* Sources */,
				B5491EBF1FF3926E003FD3CF /* Frameworks */,
				B5491EC01FF3926E003FD3CF /* CopyFiles */,
			);
			buildRules = (
			);
			dependencies = (
			);
			name = theAwesomenessContinues;
			productName = theAwesomenessContinues;
			productReference = B5491EC21FF3926E003FD3CF /* theAwesomenessContinues */;
			productType = "com.apple.product-type.tool";
		};
/* End PBXNativeTarget section */

/* Begin PBXProject section */
		B5491EBA1FF3926E003FD3CF /* Project object */ = {
			isa = PBXProject;
			attributes = {
				LastUpgradeCheck = 0920;
				ORGANIZATIONNAME = Ben;
				TargetAttributes = {
					B5491EC11FF3926E003FD3CF = {
						CreatedOnToolsVersion = 9.2;
						ProvisioningStyle = Automatic;
					};
				};
			};
			buildConfigurationList = B5491EBD1FF3926E003FD3CF /* Build configuration list for PBXProject "theAwesomenessContinues" */;
			compatibilityVersion = "Xcode 8.0";
			developmentRegion = en;
			hasScannedForEncodings = 0;
			knownRegions = (
				en,
			);
			mainGroup = B5491EB91FF3926E003FD3CF;
			productRefGroup = B5491EC31FF3926E003FD3CF /* Products */;
			projectDirPath = "";
			projectRoot = "";
			targets = (
				B5491EC11FF3926E003FD3CF /* theAwesomenessContinues */,
			);
		};
/* End PBXProject section */

/* Begin PBXSourcesBuildPhase section */
		B5491EBE1FF3926E003FD3CF /* Sources */ = {
			isa = PBXSourcesBuildPhase;
			buildActionMask = 2147483647;
			files = (
				B5491EE71FF3B6ED003FD3CF /* unitTest.cpp in Sources */,
				B5491EE61FF3B5F2003FD3CF /* Colosseum.cpp in Sources */,
			);
			runOnlyForDeploymentPostprocessing = 0;
		};
/* End PBXSourcesBuildPhase section */

/* Begin XCBuildConfiguration section */
		B5491EC71FF3926E003FD3CF /* Debug */ = {
			isa = XCBuildConfiguration;
			buildSettings = {
				ALWAYS_SEARCH_USER_PATHS = NO;
				CLANG_ANALYZER_NONNULL = YES;
				CLANG_ANALYZER_NUMBER_OBJECT_CONVERSION = YES_AGGRESSIVE;
				CLANG_CXX_LANGUAGE_STANDARD = "gnu++14";
				CLANG_CXX_LIBRARY = "libc++";
				CLANG_ENABLE_MODULES = YES;
				CLANG_ENABLE_OBJC_ARC = YES;
				CLANG_WARN_BLOCK_CAPTURE_AUTORELEASING = YES;
				CLANG_WARN_BOOL_CONVERSION = YES;
				CLANG_WARN_COMMA = YES;
				CLANG_WARN_CONSTANT_CONVERSION = YES;
				CLANG_WARN_DIRECT_OBJC_ISA_USAGE = YES_ERROR;
				CLANG_WARN_DOCUMENTATION_COMMENTS = YES;
				CLANG_WARN_EMPTY_BODY = YES;
				CLANG_WARN_ENUM_CONVERSION = YES;
				CLANG_WARN_INFINITE_RECURSION = YES;
				CLANG_WARN_INT_CONVERSION = YES;
				CLANG_WARN_NON_LITERAL_NULL_CONVERSION = YES;
				CLANG_WARN_OBJC_LITERAL_CONVERSION = YES;
				CLANG_WARN_OBJC_ROOT_CLASS = YES_ERROR;
				CLANG_WARN_RANGE_LOOP_ANALYSIS = YES;
				CLANG_WARN_STRICT_PROTOTYPES = YES;
				CLANG_WARN_SUSPICIOUS_MOVE = YES;
				CLANG_WARN_UNGUARDED_AVAILABILITY = YES_AGGRESSIVE;
				CLANG_WARN_UNREACHABLE_CODE = YES;
				CLANG_WARN__DUPLICATE_METHOD_MATCH = YES;
				CODE_SIGN_IDENTITY = "-";
				COPY_PHASE_STRIP = NO;
				DEBUG_INFORMATION_FORMAT = dwarf;
				ENABLE_STRICT_OBJC_MSGSEND = YES;
				ENABLE_TESTABILITY = YES;
				GCC_C_LANGUAGE_STANDARD = gnu11;
				GCC_DYNAMIC_NO_PIC = NO;
				GCC_NO_COMMON_BLOCKS = YES;
				GCC_OPTIMIZATION_LEVEL = 0;
				GCC_PREPROCESSOR_DEFINITIONS = (
					"DEBUG=1",
					"$(inherited)",
				);
				GCC_WARN_64_TO_32_BIT_CONVERSION = YES;
				GCC_WARN_ABOUT_RETURN_TYPE = YES_ERROR;
				GCC_WARN_UNDECLARED_SELECTOR = YES;
				GCC_WARN_UNINITIALIZED_AUTOS = YES_AGGRESSIVE;
				GCC_WARN_UNUSED_FUNCTION = YES;
				GCC_WARN_UNUSED_VARIABLE = YES;
				MACOSX_DEPLOYMENT_TARGET = 10.13;
				MTL_ENABLE_DEBUG_INFO = YES;
				ONLY_ACTIVE_ARCH = YES;
				SDKROOT = macosx;
			};
			name = Debug;
		};
		B5491EC81FF3926E003FD3CF /* Release */ = {
			isa = XCBuildConfiguration;
			buildSettings = {
				ALWAYS_SEARCH_USER_PATHS = NO;
				CLANG_ANALYZER_NONNULL = YES;
				CLANG_ANALYZER_NUMBER_OBJECT_CONVERSION = YES_AGGRESSIVE;
				CLANG_CXX_LANGUAGE_STANDARD = "gnu++14";
				CLANG_CXX_LIBRARY = "libc++";
				CLANG_ENABLE_MODULES = YES;
				CLANG_ENABLE_OBJC_ARC = YES;
				CLANG_WARN_BLOCK_CAPTURE_AUTORELEASING = YES;
				CLANG_WARN_BOOL_CONVERSION = YES;
				CLANG_WARN_COMMA = YES;
				CLANG_WARN_CONSTANT_CONVERSION = YES;
				CLANG_WARN_DIRECT_OBJC_ISA_USAGE = YES_ERROR;
				CLANG_WARN_DOCUMENTATION_COMMENTS = YES;
				CLANG_WARN_EMPTY_BODY = YES;
				CLANG_WARN_ENUM_CONVERSION = YES;
				CLANG_WARN_INFINITE_RECURSION = YES;
				CLANG_WARN_INT_CONVERSION = YES;
				CLANG_WARN_NON_LITERAL_NULL_CONVERSION = YES;
				CLANG_WARN_OBJC_LITERAL_CONVERSION = YES;
				CLANG_WARN_OBJC_ROOT_CLASS = YES_ERROR;
				CLANG_WARN_RANGE_LOOP_ANALYSIS = YES;
				CLANG_WARN_STRICT_PROTOTYPES = YES;
				CLANG_WARN_SUSPICIOUS_MOVE = YES;
				CLANG_WARN_UNGUARDED_AVAILABILITY = YES_AGGRESSIVE;
				CLANG_WARN_UNREACHABLE_CODE = YES;
				CLANG_WARN__DUPLICATE_METHOD_MATCH = YES;
				CODE_SIGN_IDENTITY = "-";
				COPY_PHASE_STRIP = NO;
				DEBUG_INFORMATION_FORMAT = "dwarf-with-dsym";
				ENABLE_NS_ASSERTIONS = NO;
				ENABLE_STRICT_OBJC_MSGSEND = YES;
				GCC_C_LANGUAGE_STANDARD = gnu11;
				GCC_NO_COMMON_BLOCKS = YES;
				GCC_WARN_64_TO_32_BIT_CONVERSION = YES;
				GCC_WARN_ABOUT_RETURN_TYPE = YES_ERROR;
				GCC_WARN_UNDECLARED_SELECTOR = YES;
				GCC_WARN_UNINITIALIZED_AUTOS = YES_AGGRESSIVE;
				GCC_WARN_UNUSED_FUNCTION = YES;
				GCC_WARN_UNUSED_VARIABLE = YES;
				MACOSX_DEPLOYMENT_TARGET = 10.13;
				MTL_ENABLE_DEBUG_INFO = NO;
				SDKROOT = macosx;
			};
			name = Release;
		};
		B5491ECA1FF3926E003FD3CF /* Debug */ = {
			isa = XCBuildConfiguration;
			buildSettings = {
				CODE_SIGN_STYLE = Automatic;
				PRODUCT_NAME = "$(TARGET_NAME)";
			};
			name = Debug;
		};
		B5491ECB1FF3926E003FD3CF /* Release */ = {
			isa = XCBuildConfiguration;
			buildSettings = {
				CODE_SIGN_STYLE = Automatic;
				PRODUCT_NAME = "$(TARGET_NAME)";
			};
			name = Release;
		};
/* End XCBuildConfiguration section */

/* Begin XCConfigurationList section */
		B5491EBD1FF3926E003FD3CF /* Build configuration list for PBXProject "theAwesomenessContinues" */ = {
			isa = XCConfigurationList;
			buildConfigurations = (
				B5491EC71FF3926E003FD3CF /* Debug */,
				B5491EC81FF3926E003FD3CF /* Release */,
			);
			defaultConfigurationIsVisible = 0;
			defaultConfigurationName = Release;
		};
		B5491EC91FF3926E003FD3CF /* Build configuration list for PBXNativeTarget "theAwesomenessContinues" */ = {
			isa = XCConfigurationList;
			buildConfigurations = (
				B5491ECA1FF3926E003FD3CF /* Debug */,
				B5491ECB1FF3926E003FD3CF /* Release */,
			);
			defaultConfigurationIsVisible = 0;
			defaultConfigurationName = Release;
		};
/* End XCConfigurationList section */
	};
	rootObject = B5491EBA1FF3926E003FD3CF /* Project object */;
}
